# THIS IS AN AUTOGENERATED FILE. DO NOT EDIT THIS FILE DIRECTLY.
# yarn lockfile v1


"@angular/common@2.4.10":
  version "2.4.10"
  resolved "https://registry.yarnpkg.com/@angular/common/-/common-2.4.10.tgz#a3a682d2228fa30ec23dd0eb57c8e887fba26997"

"@angular/compiler@2.4.10":
  version "2.4.10"
  resolved "https://registry.yarnpkg.com/@angular/compiler/-/compiler-2.4.10.tgz#f51fd34820b2a02c7cb61fbcf49873c58056fb0c"

"@angular/core@2.4.10":
  version "2.4.10"
  resolved "https://registry.yarnpkg.com/@angular/core/-/core-2.4.10.tgz#0b8320a65065965d998645b1f5cd3cf769b441ea"

"@angular/forms@2.4.10":
  version "2.4.10"
  resolved "https://registry.yarnpkg.com/@angular/forms/-/forms-2.4.10.tgz#062133aaade1f3b3c962f1593208c541b622fd06"

"@angular/platform-browser@2.4.10":
  version "2.4.10"
  resolved "https://registry.yarnpkg.com/@angular/platform-browser/-/platform-browser-2.4.10.tgz#cbf25608148fb4ffef96cc5005ba5d7b3e093906"

"@types/fullcalendar@2.7.38":
  version "2.7.38"
  resolved "https://registry.yarnpkg.com/@types/fullcalendar/-/fullcalendar-2.7.38.tgz#dd08c35b090cf787214658bd2a453ac9c191d896"
  dependencies:
    "@types/jquery" "*"
    moment ">=2.14.0"

"@types/jquery@*", "@types/jquery@2.0.41":
  version "2.0.41"
  resolved "https://registry.yarnpkg.com/@types/jquery/-/jquery-2.0.41.tgz#b87ba051011f99edbe586d8f97282e7786e01a6d"

"@types/moment@2.13.0":
  version "2.13.0"
  resolved "https://registry.yarnpkg.com/@types/moment/-/moment-2.13.0.tgz#604ebd189bc3bc34a1548689404e61a2a4aac896"
  dependencies:
    moment "*"

"@types/node@7.0.8":
  version "7.0.8"
  resolved "https://registry.yarnpkg.com/@types/node/-/node-7.0.8.tgz#25e4dd804b630c916ae671233e6d71f6ce18124a"

fullcalendar@3.2.0:
  version "3.2.0"
  resolved "https://registry.yarnpkg.com/fullcalendar/-/fullcalendar-3.2.0.tgz#0718964c5edacc45e7204ad797a56bcab535068b"
  dependencies:
    jquery "2 - 3"
    moment "^2.9.0"

"jquery@2 - 3":
  version "3.2.1"
  resolved "https://registry.yarnpkg.com/jquery/-/jquery-3.2.1.tgz#5c4d9de652af6cd0a770154a631bba12b015c787"

moment@*, moment@>=2.14.0, moment@^2.9.0:
  version "2.18.0"
  resolved "https://registry.yarnpkg.com/moment/-/moment-2.18.0.tgz#6cfec6a495eca915d02600a67020ed994937252c"

ng2-datepicker@2.0.0-dev5:
  version "2.0.0-dev5"
  resolved "https://registry.yarnpkg.com/ng2-datepicker/-/ng2-datepicker-2.0.0-dev5.tgz#57f2ae8c8ec7cd3955d7ec1a85dd9c50d9dbd4fa"

rxjs@5.2.0:
  version "5.2.0"
  resolved "https://registry.yarnpkg.com/rxjs/-/rxjs-5.2.0.tgz#db537de8767c05fa73721587a29e0085307d318b"
  dependencies:
    symbol-observable "^1.0.1"

symbol-observable@^1.0.1:
  version "1.0.4"
  resolved "https://registry.yarnpkg.com/symbol-observable/-/symbol-observable-1.0.4.tgz#29bf615d4aa7121bdd898b22d4b3f9bc4e2aa03d"

typescript@2.2.1:
  version "2.2.1"
  resolved "https://registry.yarnpkg.com/typescript/-/typescript-2.2.1.tgz#4862b662b988a4c8ff691cc7969622d24db76ae9"
